
Microsoft Visual Studio Solution File, Format Version 12.00
# Visual Studio 15
VisualStudioVersion = 15.0.28307.168
MinimumVisualStudioVersion = 10.0.40219.1
Project("{FAE04EC0-301F-11D3-BF4B-00C04F79EFBC}") = "Prework-Calculator", "Prework-Calculator\Prework-Calculator.csproj", "{0FBE3BDD-3362-44AD-9AF7-96AB20CAB26B}"
EndProject
Global
	GlobalSection(SolutionConfigurationPlatforms) = preSolution
		Debug|Any CPU = Debug|Any CPU
		Release|Any CPU = Release|Any CPU
	EndGlobalSection
	GlobalSection(ProjectConfigurationPlatforms) = postSolution
		{0FBE3BDD-3362-44AD-9AF7-96AB20CAB26B}.Debug|Any CPU.ActiveCfg = Debug|Any CPU
		{0FBE3BDD-3362-44AD-9AF7-96AB20CAB26B}.Debug|Any CPU.Build.0 = Debug|Any CPU
		{0FBE3BDD-3362-44AD-9AF7-96AB20CAB26B}.Release|Any CPU.ActiveCfg = Release|Any CPU
		{0FBE3BDD-3362-44AD-9AF7-96AB20CAB26B}.Release|Any CPU.Build.0 = Release|Any CPU
	EndGlobalSection
	GlobalSection(SolutionProperties) = preSolution
		HideSolutionNode = FALSE
	EndGlobalSection
	GlobalSection(ExtensibilityGlobals) = postSolution
		SolutionGuid = {6E1E1B75-5BA6-463E-AA8C-B58D03FB7EC1}
	EndGlobalSection
EndGlobal
